
Microsoft Visual Studio Solution File, Format Version 12.00
# Visual Studio Version 16
VisualStudioVersion = 16.0.31515.178
MinimumVisualStudioVersion = 10.0.40219.1
Project("{FAE04EC0-301F-11D3-BF4B-00C04F79EFBC}") = "TestingService", "TestingService\TestingService.csproj", "{972B28CD-DC89-491B-87EA-0C5FE3A81876}"
EndProject
Project("{FAE04EC0-301F-11D3-BF4B-00C04F79EFBC}") = "CoreLayer", "CoreLayer\CoreLayer.csproj", "{4977D5F0-8949-447C-83D6-93FAE9EFE0FB}"
EndProject
Project("{FAE04EC0-301F-11D3-BF4B-00C04F79EFBC}") = "WinFormsApp1", "WinFormsApp1\WinFormsApp1.csproj", "{433ACCFC-B7D9-4484-B490-AF3D1D10DA93}"
EndProject
Global
	GlobalSection(SolutionConfigurationPlatforms) = preSolution
		Debug|Any CPU = Debug|Any CPU
		Release|Any CPU = Release|Any CPU
	EndGlobalSection
	GlobalSection(ProjectConfigurationPlatforms) = postSolution
		{972B28CD-DC89-491B-87EA-0C5FE3A81876}.Debug|Any CPU.ActiveCfg = Debug|Any CPU
		{972B28CD-DC89-491B-87EA-0C5FE3A81876}.Debug|Any CPU.Build.0 = Debug|Any CPU
		{972B28CD-DC89-491B-87EA-0C5FE3A81876}.Release|Any CPU.ActiveCfg = Release|Any CPU
		{972B28CD-DC89-491B-87EA-0C5FE3A81876}.Release|Any CPU.Build.0 = Release|Any CPU
		{4977D5F0-8949-447C-83D6-93FAE9EFE0FB}.Debug|Any CPU.ActiveCfg = Debug|Any CPU
		{4977D5F0-8949-447C-83D6-93FAE9EFE0FB}.Debug|Any CPU.Build.0 = Debug|Any CPU
		{4977D5F0-8949-447C-83D6-93FAE9EFE0FB}.Release|Any CPU.ActiveCfg = Release|Any CPU
		{4977D5F0-8949-447C-83D6-93FAE9EFE0FB}.Release|Any CPU.Build.0 = Release|Any CPU
		{433ACCFC-B7D9-4484-B490-AF3D1D10DA93}.Debug|Any CPU.ActiveCfg = Debug|Any CPU
		{433ACCFC-B7D9-4484-B490-AF3D1D10DA93}.Debug|Any CPU.Build.0 = Debug|Any CPU
		{433ACCFC-B7D9-4484-B490-AF3D1D10DA93}.Release|Any CPU.ActiveCfg = Release|Any CPU
		{433ACCFC-B7D9-4484-B490-AF3D1D10DA93}.Release|Any CPU.Build.0 = Release|Any CPU
	EndGlobalSection
	GlobalSection(SolutionProperties) = preSolution
		HideSolutionNode = FALSE
	EndGlobalSection
	GlobalSection(ExtensibilityGlobals) = postSolution
		SolutionGuid = {256420E7-E965-497D-BD25-608CEB374722}
	EndGlobalSection
EndGlobal
